// !$*UTF8*$!
{
	archiveVersion = 1;
	classes = {
	};
	objectVersion = 50;
	objects = {

/* Begin PBXBuildFile section */
		341A017020D63D1700CFF782 /* AppDelegate.swift in Sources */ = {isa = PBXBuildFile; fileRef = 341A016F20D63D1700CFF782 /* AppDelegate.swift */; };
		341A017720D63D1800CFF782 /* Assets.xcassets in Resources */ = {isa = PBXBuildFile; fileRef = 341A017620D63D1800CFF782 /* Assets.xcassets */; };
		341A019020D6457200CFF782 /* CountryFactsViewController.swift in Sources */ = {isa = PBXBuildFile; fileRef = 341A018F20D6457200CFF782 /* CountryFactsViewController.swift */; };
		341A019220D64C2D00CFF782 /* Base.lproj in Resources */ = {isa = PBXBuildFile; fileRef = 341A019120D64C2D00CFF782 /* Base.lproj */; };
		341A019420D650EF00CFF782 /* BaseViewController.swift in Sources */ = {isa = PBXBuildFile; fileRef = 341A019320D650EF00CFF782 /* BaseViewController.swift */; };
		34B8FC5620D7590300D3942E /* Localizable.strings in Resources */ = {isa = PBXBuildFile; fileRef = 34B8FC5820D7590300D3942E /* Localizable.strings */; };
		34B8FC5B20D7596C00D3942E /* StringExtensions.swift in Sources */ = {isa = PBXBuildFile; fileRef = 34B8FC5A20D7596C00D3942E /* StringExtensions.swift */; };
		34B8FC5D20D75A0300D3942E /* Constants.swift in Sources */ = {isa = PBXBuildFile; fileRef = 34B8FC5C20D75A0300D3942E /* Constants.swift */; };
		34B8FC5F20D75FDC00D3942E /* ViewExtensions.swift in Sources */ = {isa = PBXBuildFile; fileRef = 34B8FC5E20D75FDC00D3942E /* ViewExtensions.swift */; };
		34B8FC6620D780B300D3942E /* CountryDataViewModel.swift in Sources */ = {isa = PBXBuildFile; fileRef = 34B8FC6520D780B300D3942E /* CountryDataViewModel.swift */; };
		34B8FC6820D780C000D3942E /* BaseViewModel.swift in Sources */ = {isa = PBXBuildFile; fileRef = 34B8FC6720D780C000D3942E /* BaseViewModel.swift */; };
		34B8FC6B20D7868A00D3942E /* CountryInfoFacade.swift in Sources */ = {isa = PBXBuildFile; fileRef = 34B8FC6A20D7868A00D3942E /* CountryInfoFacade.swift */; };
		34B8FC6E20D786E200D3942E /* CountryDataService.swift in Sources */ = {isa = PBXBuildFile; fileRef = 34B8FC6D20D786E200D3942E /* CountryDataService.swift */; };
		34B8FC7120D78FF100D3942E /* AboutCountry.swift in Sources */ = {isa = PBXBuildFile; fileRef = 34B8FC7020D78FF100D3942E /* AboutCountry.swift */; };
		34B8FC7320D7D5BD00D3942E /* CountryAttributes.swift in Sources */ = {isa = PBXBuildFile; fileRef = 34B8FC7220D7D5BD00D3942E /* CountryAttributes.swift */; };
		34B8FC7520D7DAEC00D3942E /* CountryAttributesViewModel.swift in Sources */ = {isa = PBXBuildFile; fileRef = 34B8FC7420D7DAEC00D3942E /* CountryAttributesViewModel.swift */; };
		34B8FC7820D7E9ED00D3942E /* CountryAttributesTableViewCell.swift in Sources */ = {isa = PBXBuildFile; fileRef = 34B8FC7720D7E9ED00D3942E /* CountryAttributesTableViewCell.swift */; };
		34F31DA920D8AC4100F1EDC7 /* CountryDataViewModelTests.swift in Sources */ = {isa = PBXBuildFile; fileRef = 34F31DA820D8AC4100F1EDC7 /* CountryDataViewModelTests.swift */; };
		34F31DAB20D8B76400F1EDC7 /* CountryAttributesViewModelTests.swift in Sources */ = {isa = PBXBuildFile; fileRef = 34F31DAA20D8B76400F1EDC7 /* CountryAttributesViewModelTests.swift */; };
		34F31DAD20D8BC2400F1EDC7 /* CountryServiceTests.swift in Sources */ = {isa = PBXBuildFile; fileRef = 34F31DAC20D8BC2400F1EDC7 /* CountryServiceTests.swift */; };
		4CFCA1B26035503E00A06EBA /* Pods_SwiftDemo.framework in Frameworks */ = {isa = PBXBuildFile; fileRef = 4A5961F24768B4A9D622BE5D /* Pods_SwiftDemo.framework */; };
		A517B83B8E17A5CE40F9462C /* Pods_SwiftDemoTests.framework in Frameworks */ = {isa = PBXBuildFile; fileRef = F509E130FEA0C07803514E95 /* Pods_SwiftDemoTests.framework */; };
/* End PBXBuildFile section */

/* Begin PBXContainerItemProxy section */
		341A018120D63D1800CFF782 /* PBXContainerItemProxy */ = {
			isa = PBXContainerItemProxy;
			containerPortal = 341A016420D63D1600CFF782 /* Project object */;
			proxyType = 1;
			remoteGlobalIDString = 341A016B20D63D1600CFF782;
			remoteInfo = SwiftDemo;
		};
/* End PBXContainerItemProxy section */

/* Begin PBXFileReference section */
		05AB0D4FE81E145CD2C0B9A6 /* Pods-SwiftDemoTests.release.xcconfig */ = {isa = PBXFileReference; includeInIndex = 1; lastKnownFileType = text.xcconfig; name = "Pods-SwiftDemoTests.release.xcconfig"; path = "Pods/Target Support Files/Pods-SwiftDemoTests/Pods-SwiftDemoTests.release.xcconfig"; sourceTree = "<group>"; };
		341A016C20D63D1600CFF782 /* SwiftDemo.app */ = {isa = PBXFileReference; explicitFileType = wrapper.application; includeInIndex = 0; path = SwiftDemo.app; sourceTree = BUILT_PRODUCTS_DIR; };
		341A016F20D63D1700CFF782 /* AppDelegate.swift */ = {isa = PBXFileReference; lastKnownFileType = sourcecode.swift; path = AppDelegate.swift; sourceTree = "<group>"; };
		341A017620D63D1800CFF782 /* Assets.xcassets */ = {isa = PBXFileReference; lastKnownFileType = folder.assetcatalog; path = Assets.xcassets; sourceTree = "<group>"; };
		341A017B20D63D1800CFF782 /* Info.plist */ = {isa = PBXFileReference; lastKnownFileType = text.plist.xml; path = Info.plist; sourceTree = "<group>"; };
		341A018020D63D1800CFF782 /* SwiftDemoTests.xctest */ = {isa = PBXFileReference; explicitFileType = wrapper.cfbundle; includeInIndex = 0; path = SwiftDemoTests.xctest; sourceTree = BUILT_PRODUCTS_DIR; };
		341A018620D63D1800CFF782 /* Info.plist */ = {isa = PBXFileReference; lastKnownFileType = text.plist.xml; path = Info.plist; sourceTree = "<group>"; };
		341A018F20D6457200CFF782 /* CountryFactsViewController.swift */ = {isa = PBXFileReference; lastKnownFileType = sourcecode.swift; path = CountryFactsViewController.swift; sourceTree = "<group>"; };
		341A019120D64C2D00CFF782 /* Base.lproj */ = {isa = PBXFileReference; lastKnownFileType = folder; path = Base.lproj; sourceTree = "<group>"; };
		341A019320D650EF00CFF782 /* BaseViewController.swift */ = {isa = PBXFileReference; lastKnownFileType = sourcecode.swift; path = BaseViewController.swift; sourceTree = "<group>"; };
		34B8FC5720D7590300D3942E /* en */ = {isa = PBXFileReference; lastKnownFileType = text.plist.strings; name = en; path = en.lproj/Localizable.strings; sourceTree = "<group>"; };
		34B8FC5A20D7596C00D3942E /* StringExtensions.swift */ = {isa = PBXFileReference; lastKnownFileType = sourcecode.swift; path = StringExtensions.swift; sourceTree = "<group>"; };
		34B8FC5C20D75A0300D3942E /* Constants.swift */ = {isa = PBXFileReference; lastKnownFileType = sourcecode.swift; path = Constants.swift; sourceTree = "<group>"; };
		34B8FC5E20D75FDC00D3942E /* ViewExtensions.swift */ = {isa = PBXFileReference; lastKnownFileType = sourcecode.swift; path = ViewExtensions.swift; sourceTree = "<group>"; };
		34B8FC6520D780B300D3942E /* CountryDataViewModel.swift */ = {isa = PBXFileReference; lastKnownFileType = sourcecode.swift; path = CountryDataViewModel.swift; sourceTree = "<group>"; };
		34B8FC6720D780C000D3942E /* BaseViewModel.swift */ = {isa = PBXFileReference; lastKnownFileType = sourcecode.swift; path = BaseViewModel.swift; sourceTree = "<group>"; };
		34B8FC6A20D7868A00D3942E /* CountryInfoFacade.swift */ = {isa = PBXFileReference; lastKnownFileType = sourcecode.swift; path = CountryInfoFacade.swift; sourceTree = "<group>"; };
		34B8FC6D20D786E200D3942E /* CountryDataService.swift */ = {isa = PBXFileReference; lastKnownFileType = sourcecode.swift; path = CountryDataService.swift; sourceTree = "<group>"; };
		34B8FC7020D78FF100D3942E /* AboutCountry.swift */ = {isa = PBXFileReference; lastKnownFileType = sourcecode.swift; path = AboutCountry.swift; sourceTree = "<group>"; };
		34B8FC7220D7D5BD00D3942E /* CountryAttributes.swift */ = {isa = PBXFileReference; lastKnownFileType = sourcecode.swift; path = CountryAttributes.swift; sourceTree = "<group>"; };
		34B8FC7420D7DAEC00D3942E /* CountryAttributesViewModel.swift */ = {isa = PBXFileReference; lastKnownFileType = sourcecode.swift; path = CountryAttributesViewModel.swift; sourceTree = "<group>"; };
		34B8FC7720D7E9ED00D3942E /* CountryAttributesTableViewCell.swift */ = {isa = PBXFileReference; lastKnownFileType = sourcecode.swift; path = CountryAttributesTableViewCell.swift; sourceTree = "<group>"; };
		34F31DA820D8AC4100F1EDC7 /* CountryDataViewModelTests.swift */ = {isa = PBXFileReference; lastKnownFileType = sourcecode.swift; path = CountryDataViewModelTests.swift; sourceTree = "<group>"; };
		34F31DAA20D8B76400F1EDC7 /* CountryAttributesViewModelTests.swift */ = {isa = PBXFileReference; lastKnownFileType = sourcecode.swift; path = CountryAttributesViewModelTests.swift; sourceTree = "<group>"; };
		34F31DAC20D8BC2400F1EDC7 /* CountryServiceTests.swift */ = {isa = PBXFileReference; lastKnownFileType = sourcecode.swift; path = CountryServiceTests.swift; sourceTree = "<group>"; };
		4A5961F24768B4A9D622BE5D /* Pods_SwiftDemo.framework */ = {isa = PBXFileReference; explicitFileType = wrapper.framework; includeInIndex = 0; path = Pods_SwiftDemo.framework; sourceTree = BUILT_PRODUCTS_DIR; };
		A1E64B163A34D63242D52BC3 /* Pods-SwiftDemo.debug.xcconfig */ = {isa = PBXFileReference; includeInIndex = 1; lastKnownFileType = text.xcconfig; name = "Pods-SwiftDemo.debug.xcconfig"; path = "Pods/Target Support Files/Pods-SwiftDemo/Pods-SwiftDemo.debug.xcconfig"; sourceTree = "<group>"; };
		B901B16DBCA71B4D0CB6258C /* Pods-SwiftDemo.release.xcconfig */ = {isa = PBXFileReference; includeInIndex = 1; lastKnownFileType = text.xcconfig; name = "Pods-SwiftDemo.release.xcconfig"; path = "Pods/Target Support Files/Pods-SwiftDemo/Pods-SwiftDemo.release.xcconfig"; sourceTree = "<group>"; };
		F01A6566DCBDDCCED06E7317 /* Pods-SwiftDemoTests.debug.xcconfig */ = {isa = PBXFileReference; includeInIndex = 1; lastKnownFileType = text.xcconfig; name = "Pods-SwiftDemoTests.debug.xcconfig"; path = "Pods/Target Support Files/Pods-SwiftDemoTests/Pods-SwiftDemoTests.debug.xcconfig"; sourceTree = "<group>"; };
		F509E130FEA0C07803514E95 /* Pods_SwiftDemoTests.framework */ = {isa = PBXFileReference; explicitFileType = wrapper.framework; includeInIndex = 0; path = Pods_SwiftDemoTests.framework; sourceTree = BUILT_PRODUCTS_DIR; };
/* End PBXFileReference section */

/* Begin PBXFrameworksBuildPhase section */
		341A016920D63D1600CFF782 /* Frameworks */ = {
			isa = PBXFrameworksBuildPhase;
			buildActionMask = 2147483647;
			files = (
				4CFCA1B26035503E00A06EBA /* Pods_SwiftDemo.framework in Frameworks */,
			);
			runOnlyForDeploymentPostprocessing = 0;
		};
		341A017D20D63D1800CFF782 /* Frameworks */ = {
			isa = PBXFrameworksBuildPhase;
			buildActionMask = 2147483647;
			files = (
				A517B83B8E17A5CE40F9462C /* Pods_SwiftDemoTests.framework in Frameworks */,
			);
			runOnlyForDeploymentPostprocessing = 0;
		};
/* End PBXFrameworksBuildPhase section */

/* Begin PBXGroup section */
		0836AC5E626CA7F4EDB3BE0F /* Pods */ = {
			isa = PBXGroup;
			children = (
				A1E64B163A34D63242D52BC3 /* Pods-SwiftDemo.debug.xcconfig */,
				B901B16DBCA71B4D0CB6258C /* Pods-SwiftDemo.release.xcconfig */,
				F01A6566DCBDDCCED06E7317 /* Pods-SwiftDemoTests.debug.xcconfig */,
				05AB0D4FE81E145CD2C0B9A6 /* Pods-SwiftDemoTests.release.xcconfig */,
			);
			name = Pods;
			sourceTree = "<group>";
		};
		341A016320D63D1600CFF782 = {
			isa = PBXGroup;
			children = (
				341A016E20D63D1600CFF782 /* SwiftDemo */,
				341A018320D63D1800CFF782 /* SwiftDemoTests */,
				341A016D20D63D1600CFF782 /* Products */,
				0836AC5E626CA7F4EDB3BE0F /* Pods */,
				4B0EA452D07534AD9BFF8649 /* Frameworks */,
			);
			sourceTree = "<group>";
		};
		341A016D20D63D1600CFF782 /* Products */ = {
			isa = PBXGroup;
			children = (
				341A016C20D63D1600CFF782 /* SwiftDemo.app */,
				341A018020D63D1800CFF782 /* SwiftDemoTests.xctest */,
			);
			name = Products;
			sourceTree = "<group>";
		};
		341A016E20D63D1600CFF782 /* SwiftDemo */ = {
			isa = PBXGroup;
			children = (
				34B8FC5120D755E000D3942E /* Controllers */,
				34B8FC7620D7E9AA00D3942E /* CustomViews */,
				34B8FC6920D7865E00D3942E /* Facade */,
				34B8FC6F20D78FD400D3942E /* Models */,
				34B8FC6420D7807F00D3942E /* ViewModels */,
				34B8FC6C20D786C300D3942E /* Services */,
				34B8FC5920D7594300D3942E /* Utilities */,
				341A016F20D63D1700CFF782 /* AppDelegate.swift */,
				341A019120D64C2D00CFF782 /* Base.lproj */,
				341A017620D63D1800CFF782 /* Assets.xcassets */,
				341A017B20D63D1800CFF782 /* Info.plist */,
				34B8FC5820D7590300D3942E /* Localizable.strings */,
			);
			path = SwiftDemo;
			sourceTree = "<group>";
		};
		341A018320D63D1800CFF782 /* SwiftDemoTests */ = {
			isa = PBXGroup;
			children = (
				34F31DA820D8AC4100F1EDC7 /* CountryDataViewModelTests.swift */,
				34F31DAA20D8B76400F1EDC7 /* CountryAttributesViewModelTests.swift */,
				34F31DAC20D8BC2400F1EDC7 /* CountryServiceTests.swift */,
				341A018620D63D1800CFF782 /* Info.plist */,
			);
			path = SwiftDemoTests;
			sourceTree = "<group>";
		};
		34B8FC5120D755E000D3942E /* Controllers */ = {
			isa = PBXGroup;
			children = (
				341A019320D650EF00CFF782 /* BaseViewController.swift */,
				341A018F20D6457200CFF782 /* CountryFactsViewController.swift */,
			);
			path = Controllers;
			sourceTree = "<group>";
		};
		34B8FC5920D7594300D3942E /* Utilities */ = {
			isa = PBXGroup;
			children = (
				34B8FC5A20D7596C00D3942E /* StringExtensions.swift */,
				34B8FC5E20D75FDC00D3942E /* ViewExtensions.swift */,
				34B8FC5C20D75A0300D3942E /* Constants.swift */,
			);
			path = Utilities;
			sourceTree = "<group>";
		};
		34B8FC6420D7807F00D3942E /* ViewModels */ = {
			isa = PBXGroup;
			children = (
				34B8FC6720D780C000D3942E /* BaseViewModel.swift */,
				34B8FC6520D780B300D3942E /* CountryDataViewModel.swift */,
				34B8FC7420D7DAEC00D3942E /* CountryAttributesViewModel.swift */,
			);
			path = ViewModels;
			sourceTree = "<group>";
		};
		34B8FC6920D7865E00D3942E /* Facade */ = {
			isa = PBXGroup;
			children = (
				34B8FC6A20D7868A00D3942E /* CountryInfoFacade.swift */,
			);
			path = Facade;
			sourceTree = "<group>";
		};
		34B8FC6C20D786C300D3942E /* Services */ = {
			isa = PBXGroup;
			children = (
				34B8FC6D20D786E200D3942E /* CountryDataService.swift */,
			);
			path = Services;
			sourceTree = "<group>";
		};
		34B8FC6F20D78FD400D3942E /* Models */ = {
			isa = PBXGroup;
			children = (
				34B8FC7020D78FF100D3942E /* AboutCountry.swift */,
				34B8FC7220D7D5BD00D3942E /* CountryAttributes.swift */,
			);
			path = Models;
			sourceTree = "<group>";
		};
		34B8FC7620D7E9AA00D3942E /* CustomViews */ = {
			isa = PBXGroup;
			children = (
				34B8FC7720D7E9ED00D3942E /* CountryAttributesTableViewCell.swift */,
			);
			path = CustomViews;
			sourceTree = "<group>";
		};
		4B0EA452D07534AD9BFF8649 /* Frameworks */ = {
			isa = PBXGroup;
			children = (
				4A5961F24768B4A9D622BE5D /* Pods_SwiftDemo.framework */,
				F509E130FEA0C07803514E95 /* Pods_SwiftDemoTests.framework */,
			);
			name = Frameworks;
			sourceTree = "<group>";
		};
/* End PBXGroup section */

/* Begin PBXNativeTarget section */
		341A016B20D63D1600CFF782 /* SwiftDemo */ = {
			isa = PBXNativeTarget;
			buildConfigurationList = 341A018920D63D1800CFF782 /* Build configuration list for PBXNativeTarget "SwiftDemo" */;
			buildPhases = (
				3A25F5418ED49906021722E2 /* [CP] Check Pods Manifest.lock */,
				341A016820D63D1600CFF782 /* Sources */,
				341A016920D63D1600CFF782 /* Frameworks */,
				341A016A20D63D1600CFF782 /* Resources */,
				5A4BD057E4CB9E1E08E85F45 /* [CP] Embed Pods Frameworks */,
			);
			buildRules = (
			);
			dependencies = (
			);
			name = SwiftDemo;
			productName = SwiftDemo;
			productReference = 341A016C20D63D1600CFF782 /* SwiftDemo.app */;
			productType = "com.apple.product-type.application";
		};
		341A017F20D63D1800CFF782 /* SwiftDemoTests */ = {
			isa = PBXNativeTarget;
			buildConfigurationList = 341A018C20D63D1800CFF782 /* Build configuration list for PBXNativeTarget "SwiftDemoTests" */;
			buildPhases = (
				5D13E5AEB8AC73AB77B7AE5A /* [CP] Check Pods Manifest.lock */,
				341A017C20D63D1800CFF782 /* Sources */,
				341A017D20D63D1800CFF782 /* Frameworks */,
				341A017E20D63D1800CFF782 /* Resources */,
			);
			buildRules = (
			);
			dependencies = (
				341A018220D63D1800CFF782 /* PBXTargetDependency */,
			);
			name = SwiftDemoTests;
			productName = SwiftDemoTests;
			productReference = 341A018020D63D1800CFF782 /* SwiftDemoTests.xctest */;
			productType = "com.apple.product-type.bundle.unit-test";
		};
/* End PBXNativeTarget section */

/* Begin PBXProject section */
		341A016420D63D1600CFF782 /* Project object */ = {
			isa = PBXProject;
			attributes = {
				LastSwiftUpdateCheck = 0940;
				LastUpgradeCheck = 0940;
				ORGANIZATIONNAME = "Vijay Kumar Baswana";
				TargetAttributes = {
					341A016B20D63D1600CFF782 = {
						CreatedOnToolsVersion = 9.4;
					};
					341A017F20D63D1800CFF782 = {
						CreatedOnToolsVersion = 9.4;
						TestTargetID = 341A016B20D63D1600CFF782;
					};
				};
			};
			buildConfigurationList = 341A016720D63D1600CFF782 /* Build configuration list for PBXProject "SwiftDemo" */;
			compatibilityVersion = "Xcode 9.3";
			developmentRegion = en;
			hasScannedForEncodings = 0;
			knownRegions = (
				en,
				Base,
			);
			mainGroup = 341A016320D63D1600CFF782;
			productRefGroup = 341A016D20D63D1600CFF782 /* Products */;
			projectDirPath = "";
			projectRoot = "";
			targets = (
				341A016B20D63D1600CFF782 /* SwiftDemo */,
				341A017F20D63D1800CFF782 /* SwiftDemoTests */,
			);
		};
/* End PBXProject section */

/* Begin PBXResourcesBuildPhase section */
		341A016A20D63D1600CFF782 /* Resources */ = {
			isa = PBXResourcesBuildPhase;
			buildActionMask = 2147483647;
			files = (
				341A019220D64C2D00CFF782 /* Base.lproj in Resources */,
				34B8FC5620D7590300D3942E /* Localizable.strings in Resources */,
				341A017720D63D1800CFF782 /* Assets.xcassets in Resources */,
			);
			runOnlyForDeploymentPostprocessing = 0;
		};
		341A017E20D63D1800CFF782 /* Resources */ = {
			isa = PBXResourcesBuildPhase;
			buildActionMask = 2147483647;
			files = (
			);
			runOnlyForDeploymentPostprocessing = 0;
		};
/* End PBXResourcesBuildPhase section */

/* Begin PBXShellScriptBuildPhase section */
		3A25F5418ED49906021722E2 /* [CP] Check Pods Manifest.lock */ = {
			isa = PBXShellScriptBuildPhase;
			buildActionMask = 2147483647;
			files = (
			);
			inputPaths = (
				"${PODS_PODFILE_DIR_PATH}/Podfile.lock",
				"${PODS_ROOT}/Manifest.lock",
			);
			name = "[CP] Check Pods Manifest.lock";
			outputPaths = (
				"$(DERIVED_FILE_DIR)/Pods-SwiftDemo-checkManifestLockResult.txt",
			);
			runOnlyForDeploymentPostprocessing = 0;
			shellPath = /bin/sh;
			shellScript = "diff \"${PODS_PODFILE_DIR_PATH}/Podfile.lock\" \"${PODS_ROOT}/Manifest.lock\" > /dev/null\nif [ $? != 0 ] ; then\n    # print error to STDERR\n    echo \"error: The sandbox is not in sync with the Podfile.lock. Run 'pod install' or update your CocoaPods installation.\" >&2\n    exit 1\nfi\n# This output is used by Xcode 'outputs' to avoid re-running this script phase.\necho \"SUCCESS\" > \"${SCRIPT_OUTPUT_FILE_0}\"\n";
			showEnvVarsInLog = 0;
		};
		5A4BD057E4CB9E1E08E85F45 /* [CP] Embed Pods Frameworks */ = {
			isa = PBXShellScriptBuildPhase;
			buildActionMask = 2147483647;
			files = (
			);
			inputPaths = (
				"${SRCROOT}/Pods/Target Support Files/Pods-SwiftDemo/Pods-SwiftDemo-frameworks.sh",
				"${BUILT_PRODUCTS_DIR}/Alamofire/Alamofire.framework",
				"${BUILT_PRODUCTS_DIR}/SDWebImage/SDWebImage.framework",
				"${BUILT_PRODUCTS_DIR}/SnapKit/SnapKit.framework",
				"${BUILT_PRODUCTS_DIR}/SwiftOverlays/SwiftOverlays.framework",
				"${BUILT_PRODUCTS_DIR}/SwiftyJSON/SwiftyJSON.framework",
			);
			name = "[CP] Embed Pods Frameworks";
			outputPaths = (
				"${TARGET_BUILD_DIR}/${FRAMEWORKS_FOLDER_PATH}/Alamofire.framework",
				"${TARGET_BUILD_DIR}/${FRAMEWORKS_FOLDER_PATH}/SDWebImage.framework",
				"${TARGET_BUILD_DIR}/${FRAMEWORKS_FOLDER_PATH}/SnapKit.framework",
				"${TARGET_BUILD_DIR}/${FRAMEWORKS_FOLDER_PATH}/SwiftOverlays.framework",
				"${TARGET_BUILD_DIR}/${FRAMEWORKS_FOLDER_PATH}/SwiftyJSON.framework",
			);
			runOnlyForDeploymentPostprocessing = 0;
			shellPath = /bin/sh;
			shellScript = "\"${SRCROOT}/Pods/Target Support Files/Pods-SwiftDemo/Pods-SwiftDemo-frameworks.sh\"\n";
			showEnvVarsInLog = 0;
		};
		5D13E5AEB8AC73AB77B7AE5A /* [CP] Check Pods Manifest.lock */ = {
			isa = PBXShellScriptBuildPhase;
			buildActionMask = 2147483647;
			files = (
			);
			inputPaths = (
				"${PODS_PODFILE_DIR_PATH}/Podfile.lock",
				"${PODS_ROOT}/Manifest.lock",
			);
			name = "[CP] Check Pods Manifest.lock";
			outputPaths = (
				"$(DERIVED_FILE_DIR)/Pods-SwiftDemoTests-checkManifestLockResult.txt",
			);
			runOnlyForDeploymentPostprocessing = 0;
			shellPath = /bin/sh;
			shellScript = "diff \"${PODS_PODFILE_DIR_PATH}/Podfile.lock\" \"${PODS_ROOT}/Manifest.lock\" > /dev/null\nif [ $? != 0 ] ; then\n    # print error to STDERR\n    echo \"error: The sandbox is not in sync with the Podfile.lock. Run 'pod install' or update your CocoaPods installation.\" >&2\n    exit 1\nfi\n# This output is used by Xcode 'outputs' to avoid re-running this script phase.\necho \"SUCCESS\" > \"${SCRIPT_OUTPUT_FILE_0}\"\n";
			showEnvVarsInLog = 0;
		};
/* End PBXShellScriptBuildPhase section */

/* Begin PBXSourcesBuildPhase section */
		341A016820D63D1600CFF782 /* Sources */ = {
			isa = PBXSourcesBuildPhase;
			buildActionMask = 2147483647;
			files = (
				34B8FC7120D78FF100D3942E /* AboutCountry.swift in Sources */,
				34B8FC6E20D786E200D3942E /* CountryDataService.swift in Sources */,
				34B8FC6B20D7868A00D3942E /* CountryInfoFacade.swift in Sources */,
				34B8FC5D20D75A0300D3942E /* Constants.swift in Sources */,
				34B8FC5B20D7596C00D3942E /* StringExtensions.swift in Sources */,
				34B8FC7320D7D5BD00D3942E /* CountryAttributes.swift in Sources */,
				34B8FC6620D780B300D3942E /* CountryDataViewModel.swift in Sources */,
				341A019020D6457200CFF782 /* CountryFactsViewController.swift in Sources */,
				341A017020D63D1700CFF782 /* AppDelegate.swift in Sources */,
				34B8FC6820D780C000D3942E /* BaseViewModel.swift in Sources */,
				34B8FC7520D7DAEC00D3942E /* CountryAttributesViewModel.swift in Sources */,
				34B8FC5F20D75FDC00D3942E /* ViewExtensions.swift in Sources */,
				341A019420D650EF00CFF782 /* BaseViewController.swift in Sources */,
				34B8FC7820D7E9ED00D3942E /* CountryAttributesTableViewCell.swift in Sources */,
			);
			runOnlyForDeploymentPostprocessing = 0;
		};
		341A017C20D63D1800CFF782 /* Sources */ = {
			isa = PBXSourcesBuildPhase;
			buildActionMask = 2147483647;
			files = (
				34F31DAD20D8BC2400F1EDC7 /* CountryServiceTests.swift in Sources */,
				34F31DAB20D8B76400F1EDC7 /* CountryAttributesViewModelTests.swift in Sources */,
				34F31DA920D8AC4100F1EDC7 /* CountryDataViewModelTests.swift in Sources */,
			);
			runOnlyForDeploymentPostprocessing = 0;
		};
/* End PBXSourcesBuildPhase section */

/* Begin PBXTargetDependency section */
		341A018220D63D1800CFF782 /* PBXTargetDependency */ = {
			isa = PBXTargetDependency;
			target = 341A016B20D63D1600CFF782 /* SwiftDemo */;
			targetProxy = 341A018120D63D1800CFF782 /* PBXContainerItemProxy */;
		};
/* End PBXTargetDependency section */

/* Begin PBXVariantGroup section */
		34B8FC5820D7590300D3942E /* Localizable.strings */ = {
			isa = PBXVariantGroup;
			children = (
				34B8FC5720D7590300D3942E /* en */,
			);
			name = Localizable.strings;
			sourceTree = "<group>";
		};
/* End PBXVariantGroup section */

/* Begin XCBuildConfiguration section */
		341A018720D63D1800CFF782 /* Debug */ = {
			isa = XCBuildConfiguration;
			buildSettings = {
				ALWAYS_SEARCH_USER_PATHS = NO;
				CLANG_ANALYZER_NONNULL = YES;
				CLANG_ANALYZER_NUMBER_OBJECT_CONVERSION = YES_AGGRESSIVE;
				CLANG_CXX_LANGUAGE_STANDARD = "gnu++14";
				CLANG_CXX_LIBRARY = "libc++";
				CLANG_ENABLE_MODULES = YES;
				CLANG_ENABLE_OBJC_ARC = YES;
				CLANG_ENABLE_OBJC_WEAK = YES;
				CLANG_WARN_BLOCK_CAPTURE_AUTORELEASING = YES;
				CLANG_WARN_BOOL_CONVERSION = YES;
				CLANG_WARN_COMMA = YES;
				CLANG_WARN_CONSTANT_CONVERSION = YES;
				CLANG_WARN_DEPRECATED_OBJC_IMPLEMENTATIONS = YES;
				CLANG_WARN_DIRECT_OBJC_ISA_USAGE = YES_ERROR;
				CLANG_WARN_DOCUMENTATION_COMMENTS = YES;
				CLANG_WARN_EMPTY_BODY = YES;
				CLANG_WARN_ENUM_CONVERSION = YES;
				CLANG_WARN_INFINITE_RECURSION = YES;
				CLANG_WARN_INT_CONVERSION = YES;
				CLANG_WARN_NON_LITERAL_NULL_CONVERSION = YES;
				CLANG_WARN_OBJC_IMPLICIT_RETAIN_SELF = YES;
				CLANG_WARN_OBJC_LITERAL_CONVERSION = YES;
				CLANG_WARN_OBJC_ROOT_CLASS = YES_ERROR;
				CLANG_WARN_RANGE_LOOP_ANALYSIS = YES;
				CLANG_WARN_STRICT_PROTOTYPES = YES;
				CLANG_WARN_SUSPICIOUS_MOVE = YES;
				CLANG_WARN_UNGUARDED_AVAILABILITY = YES_AGGRESSIVE;
				CLANG_WARN_UNREACHABLE_CODE = YES;
				CLANG_WARN__DUPLICATE_METHOD_MATCH = YES;
				CODE_SIGN_IDENTITY = "iPhone Developer";
				COPY_PHASE_STRIP = NO;
				DEBUG_INFORMATION_FORMAT = dwarf;
				ENABLE_STRICT_OBJC_MSGSEND = YES;
				ENABLE_TESTABILITY = YES;
				GCC_C_LANGUAGE_STANDARD = gnu11;
				GCC_DYNAMIC_NO_PIC = NO;
				GCC_NO_COMMON_BLOCKS = YES;
				GCC_OPTIMIZATION_LEVEL = 0;
				GCC_PREPROCESSOR_DEFINITIONS = (
					"DEBUG=1",
					"$(inherited)",
				);
				GCC_WARN_64_TO_32_BIT_CONVERSION = YES;
				GCC_WARN_ABOUT_RETURN_TYPE = YES_ERROR;
				GCC_WARN_UNDECLARED_SELECTOR = YES;
				GCC_WARN_UNINITIALIZED_AUTOS = YES_AGGRESSIVE;
				GCC_WARN_UNUSED_FUNCTION = YES;
				GCC_WARN_UNUSED_VARIABLE = YES;
				IPHONEOS_DEPLOYMENT_TARGET = 11.4;
				MTL_ENABLE_DEBUG_INFO = YES;
				ONLY_ACTIVE_ARCH = YES;
				SDKROOT = iphoneos;
				SWIFT_ACTIVE_COMPILATION_CONDITIONS = DEBUG;
				SWIFT_OPTIMIZATION_LEVEL = "-Onone";
			};
			name = Debug;
		};
		341A018820D63D1800CFF782 /* Release */ = {
			isa = XCBuildConfiguration;
			buildSettings = {
				ALWAYS_SEARCH_USER_PATHS = NO;
				CLANG_ANALYZER_NONNULL = YES;
				CLANG_ANALYZER_NUMBER_OBJECT_CONVERSION = YES_AGGRESSIVE;
				CLANG_CXX_LANGUAGE_STANDARD = "gnu++14";
				CLANG_CXX_LIBRARY = "libc++";
				CLANG_ENABLE_MODULES = YES;
				CLANG_ENABLE_OBJC_ARC = YES;
				CLANG_ENABLE_OBJC_WEAK = YES;
				CLANG_WARN_BLOCK_CAPTURE_AUTORELEASING = YES;
				CLANG_WARN_BOOL_CONVERSION = YES;
				CLANG_WARN_COMMA = YES;
				CLANG_WARN_CONSTANT_CONVERSION = YES;
				CLANG_WARN_DEPRECATED_OBJC_IMPLEMENTATIONS = YES;
				CLANG_WARN_DIRECT_OBJC_ISA_USAGE = YES_ERROR;
				CLANG_WARN_DOCUMENTATION_COMMENTS = YES;
				CLANG_WARN_EMPTY_BODY = YES;
				CLANG_WARN_ENUM_CONVERSION = YES;
				CLANG_WARN_INFINITE_RECURSION = YES;
				CLANG_WARN_INT_CONVERSION = YES;
				CLANG_WARN_NON_LITERAL_NULL_CONVERSION = YES;
				CLANG_WARN_OBJC_IMPLICIT_RETAIN_SELF = YES;
				CLANG_WARN_OBJC_LITERAL_CONVERSION = YES;
				CLANG_WARN_OBJC_ROOT_CLASS = YES_ERROR;
				CLANG_WARN_RANGE_LOOP_ANALYSIS = YES;
				CLANG_WARN_STRICT_PROTOTYPES = YES;
				CLANG_WARN_SUSPICIOUS_MOVE = YES;
				CLANG_WARN_UNGUARDED_AVAILABILITY = YES_AGGRESSIVE;
				CLANG_WARN_UNREACHABLE_CODE = YES;
				CLANG_WARN__DUPLICATE_METHOD_MATCH = YES;
				CODE_SIGN_IDENTITY = "iPhone Developer";
				COPY_PHASE_STRIP = NO;
				DEBUG_INFORMATION_FORMAT = "dwarf-with-dsym";
				ENABLE_NS_ASSERTIONS = NO;
				ENABLE_STRICT_OBJC_MSGSEND = YES;
				GCC_C_LANGUAGE_STANDARD = gnu11;
				GCC_NO_COMMON_BLOCKS = YES;
				GCC_WARN_64_TO_32_BIT_CONVERSION = YES;
				GCC_WARN_ABOUT_RETURN_TYPE = YES_ERROR;
				GCC_WARN_UNDECLARED_SELECTOR = YES;
				GCC_WARN_UNINITIALIZED_AUTOS = YES_AGGRESSIVE;
				GCC_WARN_UNUSED_FUNCTION = YES;
				GCC_WARN_UNUSED_VARIABLE = YES;
				IPHONEOS_DEPLOYMENT_TARGET = 11.4;
				MTL_ENABLE_DEBUG_INFO = NO;
				SDKROOT = iphoneos;
				SWIFT_COMPILATION_MODE = wholemodule;
				SWIFT_OPTIMIZATION_LEVEL = "-O";
				VALIDATE_PRODUCT = YES;
			};
			name = Release;
		};
		341A018A20D63D1800CFF782 /* Debug */ = {
			isa = XCBuildConfiguration;
			baseConfigurationReference = A1E64B163A34D63242D52BC3 /* Pods-SwiftDemo.debug.xcconfig */;
			buildSettings = {
				ASSETCATALOG_COMPILER_APPICON_NAME = AppIcon;
				CODE_SIGN_STYLE = Automatic;
				DEVELOPMENT_TEAM = 53L4X3FXD2;
				INFOPLIST_FILE = SwiftDemo/Info.plist;
				IPHONEOS_DEPLOYMENT_TARGET = 9.0;
				LD_RUNPATH_SEARCH_PATHS = (
					"$(inherited)",
					"@executable_path/Frameworks",
				);
				PRODUCT_BUNDLE_IDENTIFIER = com.baswana.SwiftDemo;
				PRODUCT_NAME = "$(TARGET_NAME)";
				SWIFT_VERSION = 4.0;
				TARGETED_DEVICE_FAMILY = "1,2";
			};
			name = Debug;
		};
		341A018B20D63D1800CFF782 /* Release */ = {
			isa = XCBuildConfiguration;
			baseConfigurationReference = B901B16DBCA71B4D0CB6258C /* Pods-SwiftDemo.release.xcconfig */;
			buildSettings = {
				ASSETCATALOG_COMPILER_APPICON_NAME = AppIcon;
				CODE_SIGN_STYLE = Automatic;
				DEVELOPMENT_TEAM = 53L4X3FXD2;
				INFOPLIST_FILE = SwiftDemo/Info.plist;
				IPHONEOS_DEPLOYMENT_TARGET = 9.0;
				LD_RUNPATH_SEARCH_PATHS = (
					"$(inherited)",
					"@executable_path/Frameworks",
				);
				PRODUCT_BUNDLE_IDENTIFIER = com.baswana.SwiftDemo;
				PRODUCT_NAME = "$(TARGET_NAME)";
				SWIFT_VERSION = 4.0;
				TARGETED_DEVICE_FAMILY = "1,2";
			};
			name = Release;
		};
		341A018D20D63D1800CFF782 /* Debug */ = {
			isa = XCBuildConfiguration;
			baseConfigurationReference = F01A6566DCBDDCCED06E7317 /* Pods-SwiftDemoTests.debug.xcconfig */;
			buildSettings = {
				ALWAYS_EMBED_SWIFT_STANDARD_LIBRARIES = YES;
				BUNDLE_LOADER = "$(TEST_HOST)";
				CODE_SIGN_STYLE = Automatic;
				DEVELOPMENT_TEAM = 53L4X3FXD2;
				INFOPLIST_FILE = SwiftDemoTests/Info.plist;
				LD_RUNPATH_SEARCH_PATHS = (
					"$(inherited)",
					"@executable_path/Frameworks",
					"@loader_path/Frameworks",
				);
				PRODUCT_BUNDLE_IDENTIFIER = com.baswana.SwiftDemoTests;
				PRODUCT_NAME = "$(TARGET_NAME)";
				SWIFT_VERSION = 4.0;
				TARGETED_DEVICE_FAMILY = "1,2";
				TEST_HOST = "$(BUILT_PRODUCTS_DIR)/SwiftDemo.app/SwiftDemo";
			};
			name = Debug;
		};
		341A018E20D63D1800CFF782 /* Release */ = {
			isa = XCBuildConfiguration;
			baseConfigurationReference = 05AB0D4FE81E145CD2C0B9A6 /* Pods-SwiftDemoTests.release.xcconfig */;
			buildSettings = {
				ALWAYS_EMBED_SWIFT_STANDARD_LIBRARIES = YES;
				BUNDLE_LOADER = "$(TEST_HOST)";
				CODE_SIGN_STYLE = Automatic;
				DEVELOPMENT_TEAM = 53L4X3FXD2;
				INFOPLIST_FILE = SwiftDemoTests/Info.plist;
				LD_RUNPATH_SEARCH_PATHS = (
					"$(inherited)",
					"@executable_path/Frameworks",
					"@loader_path/Frameworks",
				);
				PRODUCT_BUNDLE_IDENTIFIER = com.baswana.SwiftDemoTests;
				PRODUCT_NAME = "$(TARGET_NAME)";
				SWIFT_VERSION = 4.0;
				TARGETED_DEVICE_FAMILY = "1,2";
				TEST_HOST = "$(BUILT_PRODUCTS_DIR)/SwiftDemo.app/SwiftDemo";
			};
			name = Release;
		};
/* End XCBuildConfiguration section */

/* Begin XCConfigurationList section */
		341A016720D63D1600CFF782 /* Build configuration list for PBXProject "SwiftDemo" */ = {
			isa = XCConfigurationList;
			buildConfigurations = (
				341A018720D63D1800CFF782 /* Debug */,
				341A018820D63D1800CFF782 /* Release */,
			);
			defaultConfigurationIsVisible = 0;
			defaultConfigurationName = Release;
		};
		341A018920D63D1800CFF782 /* Build configuration list for PBXNativeTarget "SwiftDemo" */ = {
			isa = XCConfigurationList;
			buildConfigurations = (
				341A018A20D63D1800CFF782 /* Debug */,
				341A018B20D63D1800CFF782 /* Release */,
			);
			defaultConfigurationIsVisible = 0;
			defaultConfigurationName = Release;
		};
		341A018C20D63D1800CFF782 /* Build configuration list for PBXNativeTarget "SwiftDemoTests" */ = {
			isa = XCConfigurationList;
			buildConfigurations = (
				341A018D20D63D1800CFF782 /* Debug */,
				341A018E20D63D1800CFF782 /* Release */,
			);
			defaultConfigurationIsVisible = 0;
			defaultConfigurationName = Release;
		};
/* End XCConfigurationList section */
	};
	rootObject = 341A016420D63D1600CFF782 /* Project object */;
}
